
Microsoft Visual Studio Solution File, Format Version 12.00
# Visual Studio 2013
Project("{8BC9CEB8-8B4A-11D0-8D11-00A0C91BC942}") = "RuntimePointerBasics", "RuntimePointerBasics.vcxproj", "{809EC79B-4CF6-4C23-9656-330A0FCA91E1}"
EndProject
Global
	GlobalSection(SolutionConfigurationPlatforms) = preSolution
		Debug|Win32 = Debug|Win32
		Release|Win32 = Release|Win32
	EndGlobalSection
	GlobalSection(ProjectConfigurationPlatforms) = postSolution
		{809EC79B-4CF6-4C23-9656-330A0FCA91E1}.Debug|Win32.ActiveCfg = Debug|Win32
		{809EC79B-4CF6-4C23-9656-330A0FCA91E1}.Debug|Win32.Build.0 = Debug|Win32
		{809EC79B-4CF6-4C23-9656-330A0FCA91E1}.Release|Win32.ActiveCfg = Release|Win32
		{809EC79B-4CF6-4C23-9656-330A0FCA91E1}.Release|Win32.Build.0 = Release|Win32
	EndGlobalSection
	GlobalSection(SolutionProperties) = preSolution
		HideSolutionNode = FALSE
	EndGlobalSection
EndGlobal
