// !$*UTF8*$!
{
	archiveVersion = 1;
	classes = {
	};
	objectVersion = 46;
	objects = {

/* Begin PBXBuildFile section */
		006D720419952D00008149E2 /* AVFoundation.framework in Frameworks */ = {isa = PBXBuildFile; fileRef = 006D720219952D00008149E2 /* AVFoundation.framework */; };
		006D720519952D00008149E2 /* CoreMedia.framework in Frameworks */ = {isa = PBXBuildFile; fileRef = 006D720319952D00008149E2 /* CoreMedia.framework */; };
		0091D8F90E81B9330029341E /* OpenGL.framework in Frameworks */ = {isa = PBXBuildFile; fileRef = 0091D8F80E81B9330029341E /* OpenGL.framework */; };
		00B784B30FF439BC000DE1D7 /* Accelerate.framework in Frameworks */ = {isa = PBXBuildFile; fileRef = 00B784AF0FF439BC000DE1D7 /* Accelerate.framework */; };
		00B784B40FF439BC000DE1D7 /* AudioToolbox.framework in Frameworks */ = {isa = PBXBuildFile; fileRef = 00B784B00FF439BC000DE1D7 /* AudioToolbox.framework */; };
		00B784B50FF439BC000DE1D7 /* AudioUnit.framework in Frameworks */ = {isa = PBXBuildFile; fileRef = 00B784B10FF439BC000DE1D7 /* AudioUnit.framework */; };
		00B784B60FF439BC000DE1D7 /* CoreAudio.framework in Frameworks */ = {isa = PBXBuildFile; fileRef = 00B784B20FF439BC000DE1D7 /* CoreAudio.framework */; };
		00B9955A1B128DF400A5C623 /* IOKit.framework in Frameworks */ = {isa = PBXBuildFile; fileRef = 00B995581B128DF400A5C623 /* IOKit.framework */; };
		00B9955B1B128DF400A5C623 /* IOSurface.framework in Frameworks */ = {isa = PBXBuildFile; fileRef = 00B995591B128DF400A5C623 /* IOSurface.framework */; };
		2CE2BAD6245747DBA5D512B2 /* imgui.cpp in Sources */ = {isa = PBXBuildFile; fileRef = F8F9EA99D7DD499A909B357E /* imgui.cpp */; };
		2F2791509EFE474F8F59E9B0 /* imgui_demo.cpp in Sources */ = {isa = PBXBuildFile; fileRef = BAF9D102E3D247BCA9396BC8 /* imgui_demo.cpp */; };
		5323E6B20EAFCA74003A9687 /* CoreVideo.framework in Frameworks */ = {isa = PBXBuildFile; fileRef = 5323E6B10EAFCA74003A9687 /* CoreVideo.framework */; };
		788C856D6974443890D72AD3 /* imgui_draw.cpp in Sources */ = {isa = PBXBuildFile; fileRef = A5726D446BDC4453846CE836 /* imgui_draw.cpp */; };
		8D11072F0486CEB800E47090 /* Cocoa.framework in Frameworks */ = {isa = PBXBuildFile; fileRef = 1058C7A1FEA54F0111CA2CBB /* Cocoa.framework */; };
		BAD1B053B54F4C16B9439530 /* RuntimeAppSettingsApp.cpp in Sources */ = {isa = PBXBuildFile; fileRef = 1FF46076DB8E40AF8304724A /* RuntimeAppSettingsApp.cpp */; };
		E6C20E9F21F844748B6D803A /* CinderImGui.cpp in Sources */ = {isa = PBXBuildFile; fileRef = 4DD3613065874897B3D268B7 /* CinderImGui.cpp */; };
		F4C07DE8ADDD4BFFAC04EE7C /* CinderApp.icns in Resources */ = {isa = PBXBuildFile; fileRef = 5234E567B1E1405EA31663EF /* CinderApp.icns */; };
/* End PBXBuildFile section */

/* Begin PBXFileReference section */
		006D720219952D00008149E2 /* AVFoundation.framework */ = {isa = PBXFileReference; lastKnownFileType = wrapper.framework; name = AVFoundation.framework; path = System/Library/Frameworks/AVFoundation.framework; sourceTree = SDKROOT; };
		006D720319952D00008149E2 /* CoreMedia.framework */ = {isa = PBXFileReference; lastKnownFileType = wrapper.framework; name = CoreMedia.framework; path = System/Library/Frameworks/CoreMedia.framework; sourceTree = SDKROOT; };
		0091D8F80E81B9330029341E /* OpenGL.framework */ = {isa = PBXFileReference; lastKnownFileType = wrapper.framework; name = OpenGL.framework; path = /System/Library/Frameworks/OpenGL.framework; sourceTree = "<absolute>"; };
		00B784AF0FF439BC000DE1D7 /* Accelerate.framework */ = {isa = PBXFileReference; lastKnownFileType = wrapper.framework; name = Accelerate.framework; path = System/Library/Frameworks/Accelerate.framework; sourceTree = SDKROOT; };
		00B784B00FF439BC000DE1D7 /* AudioToolbox.framework */ = {isa = PBXFileReference; lastKnownFileType = wrapper.framework; name = AudioToolbox.framework; path = System/Library/Frameworks/AudioToolbox.framework; sourceTree = SDKROOT; };
		00B784B10FF439BC000DE1D7 /* AudioUnit.framework */ = {isa = PBXFileReference; lastKnownFileType = wrapper.framework; name = AudioUnit.framework; path = System/Library/Frameworks/AudioUnit.framework; sourceTree = SDKROOT; };
		00B784B20FF439BC000DE1D7 /* CoreAudio.framework */ = {isa = PBXFileReference; lastKnownFileType = wrapper.framework; name = CoreAudio.framework; path = System/Library/Frameworks/CoreAudio.framework; sourceTree = SDKROOT; };
		00B995581B128DF400A5C623 /* IOKit.framework */ = {isa = PBXFileReference; lastKnownFileType = wrapper.framework; name = IOKit.framework; path = System/Library/Frameworks/IOKit.framework; sourceTree = SDKROOT; };
		00B995591B128DF400A5C623 /* IOSurface.framework */ = {isa = PBXFileReference; lastKnownFileType = wrapper.framework; name = IOSurface.framework; path = System/Library/Frameworks/IOSurface.framework; sourceTree = SDKROOT; };
		0B5108A55943478BB6D5DF56 /* Watchdog.h */ = {isa = PBXFileReference; lastKnownFileType = sourcecode.c.h; name = Watchdog.h; path = ../../../../Watchdog/include/Watchdog.h; sourceTree = "<group>"; };
		1058C7A1FEA54F0111CA2CBB /* Cocoa.framework */ = {isa = PBXFileReference; lastKnownFileType = wrapper.framework; name = Cocoa.framework; path = /System/Library/Frameworks/Cocoa.framework; sourceTree = "<absolute>"; };
		1FF46076DB8E40AF8304724A /* RuntimeAppSettingsApp.cpp */ = {isa = PBXFileReference; lastKnownFileType = sourcecode.c.cpp; name = RuntimeAppSettingsApp.cpp; path = ../src/RuntimeAppSettingsApp.cpp; sourceTree = "<group>"; };
		24D1704884544935B954F673 /* Info.plist */ = {isa = PBXFileReference; lastKnownFileType = text.plist.xml; path = Info.plist; sourceTree = "<group>"; };
		29B97324FDCFA39411CA2CEA /* AppKit.framework */ = {isa = PBXFileReference; lastKnownFileType = wrapper.framework; name = AppKit.framework; path = /System/Library/Frameworks/AppKit.framework; sourceTree = "<absolute>"; };
		29B97325FDCFA39411CA2CEA /* Foundation.framework */ = {isa = PBXFileReference; lastKnownFileType = wrapper.framework; name = Foundation.framework; path = /System/Library/Frameworks/Foundation.framework; sourceTree = "<absolute>"; };
		2E6FC180F72240A18F029BD6 /* runtime_app.h */ = {isa = PBXFileReference; lastKnownFileType = sourcecode.c.h; name = runtime_app.h; path = ../../../include/runtime_app.h; sourceTree = "<group>"; };
		30AA1CC85BD149F889079BCD /* imgui_internal.h */ = {isa = PBXFileReference; lastKnownFileType = sourcecode.c.h; name = imgui_internal.h; path = ../blocks/ImGui/lib/imgui/imgui_internal.h; sourceTree = "<group>"; };
		4DD3613065874897B3D268B7 /* CinderImGui.cpp */ = {isa = PBXFileReference; lastKnownFileType = sourcecode.c.cpp; name = CinderImGui.cpp; path = ../blocks/ImGui/src/CinderImGui.cpp; sourceTree = "<group>"; };
		5234E567B1E1405EA31663EF /* CinderApp.icns */ = {isa = PBXFileReference; lastKnownFileType = image.icns; name = CinderApp.icns; path = ../resources/CinderApp.icns; sourceTree = "<group>"; };
		5323E6B10EAFCA74003A9687 /* CoreVideo.framework */ = {isa = PBXFileReference; lastKnownFileType = wrapper.framework; name = CoreVideo.framework; path = /System/Library/Frameworks/CoreVideo.framework; sourceTree = "<absolute>"; };
		5BEB540B534B42A8A5B6848B /* imgui_user.inl */ = {isa = PBXFileReference; lastKnownFileType = "\"\""; name = imgui_user.inl; path = ../blocks/ImGui/include/imgui_user.inl; sourceTree = "<group>"; };
		5C4F302A54174303A886C1F2 /* imgui_user.h */ = {isa = PBXFileReference; lastKnownFileType = sourcecode.c.h; name = imgui_user.h; path = ../blocks/ImGui/include/imgui_user.h; sourceTree = "<group>"; };
		722A71E32E0E469EBA1CB5F1 /* imconfig.h */ = {isa = PBXFileReference; lastKnownFileType = sourcecode.c.h; name = imconfig.h; path = ../blocks/ImGui/lib/imgui/imconfig.h; sourceTree = "<group>"; };
		8D1107320486CEB800E47090 /* RuntimeAppSettings.app */ = {isa = PBXFileReference; explicitFileType = wrapper.application; includeInIndex = 0; path = RuntimeAppSettings.app; sourceTree = BUILT_PRODUCTS_DIR; };
		A5726D446BDC4453846CE836 /* imgui_draw.cpp */ = {isa = PBXFileReference; lastKnownFileType = sourcecode.c.cpp; name = imgui_draw.cpp; path = ../blocks/ImGui/lib/imgui/imgui_draw.cpp; sourceTree = "<group>"; };
		A91B0283178B4CB295A0624A /* Simplex.h */ = {isa = PBXFileReference; lastKnownFileType = sourcecode.c.h; name = Simplex.h; path = "../blocks/Simplex Noise/include/Simplex.h"; sourceTree = "<group>"; };
		BAF9D102E3D247BCA9396BC8 /* imgui_demo.cpp */ = {isa = PBXFileReference; lastKnownFileType = sourcecode.c.cpp; name = imgui_demo.cpp; path = ../blocks/ImGui/lib/imgui/imgui_demo.cpp; sourceTree = "<group>"; };
		C57074B62E5847A6A762116B /* CinderImGui.h */ = {isa = PBXFileReference; lastKnownFileType = sourcecode.c.h; name = CinderImGui.h; path = ../blocks/ImGui/include/CinderImGui.h; sourceTree = "<group>"; };
		DED3A2535EB541AEA42E3564 /* runtime_ptr.h */ = {isa = PBXFileReference; lastKnownFileType = sourcecode.c.h; name = runtime_ptr.h; path = ../../../include/runtime_ptr.h; sourceTree = "<group>"; };
		DF13DEA95D1E49B5B89D02AB /* imgui.h */ = {isa = PBXFileReference; lastKnownFileType = sourcecode.c.h; name = imgui.h; path = ../blocks/ImGui/lib/imgui/imgui.h; sourceTree = "<group>"; };
		E1EB0CCE295C4910B02DCAC8 /* RuntimeAppSettings_Prefix.pch */ = {isa = PBXFileReference; lastKnownFileType = "\"\""; path = RuntimeAppSettings_Prefix.pch; sourceTree = "<group>"; };
		E245120EC2A246D88ED26066 /* Resources.h */ = {isa = PBXFileReference; lastKnownFileType = sourcecode.c.h; name = Resources.h; path = ../include/Resources.h; sourceTree = "<group>"; };
		F8F9EA99D7DD499A909B357E /* imgui.cpp */ = {isa = PBXFileReference; lastKnownFileType = sourcecode.c.cpp; name = imgui.cpp; path = ../blocks/ImGui/lib/imgui/imgui.cpp; sourceTree = "<group>"; };
/* End PBXFileReference section */

/* Begin PBXFrameworksBuildPhase section */
		8D11072E0486CEB800E47090 /* Frameworks */ = {
			isa = PBXFrameworksBuildPhase;
			buildActionMask = 2147483647;
			files = (
				006D720419952D00008149E2 /* AVFoundation.framework in Frameworks */,
				006D720519952D00008149E2 /* CoreMedia.framework in Frameworks */,
				8D11072F0486CEB800E47090 /* Cocoa.framework in Frameworks */,
				0091D8F90E81B9330029341E /* OpenGL.framework in Frameworks */,
				5323E6B20EAFCA74003A9687 /* CoreVideo.framework in Frameworks */,
				00B784B30FF439BC000DE1D7 /* Accelerate.framework in Frameworks */,
				00B784B40FF439BC000DE1D7 /* AudioToolbox.framework in Frameworks */,
				00B784B50FF439BC000DE1D7 /* AudioUnit.framework in Frameworks */,
				00B784B60FF439BC000DE1D7 /* CoreAudio.framework in Frameworks */,
				00B9955A1B128DF400A5C623 /* IOKit.framework in Frameworks */,
				00B9955B1B128DF400A5C623 /* IOSurface.framework in Frameworks */,
			);
			runOnlyForDeploymentPostprocessing = 0;
		};
/* End PBXFrameworksBuildPhase section */

/* Begin PBXGroup section */
		01B97315FEAEA392516A2CEA /* Blocks */ = {
			isa = PBXGroup;
			children = (
				9D01D20883204C048DC77B2F /* ImGui */,
				F33F045B91054FFF8D03E78C /* Cinder-Runtime */,
				444A109A837E4F538AD503E2 /* Simplex Noise */,
				EFE245961FEA4F60BA9CCBC0 /* Watchdog */,
			);
			name = Blocks;
			sourceTree = "<group>";
		};
		02A1C48FF5CB48D1A31C4B2B /* include */ = {
			isa = PBXGroup;
			children = (
				A91B0283178B4CB295A0624A /* Simplex.h */,
			);
			name = include;
			sourceTree = "<group>";
		};
		080E96DDFE201D6D7F000001 /* Source */ = {
			isa = PBXGroup;
			children = (
				1FF46076DB8E40AF8304724A /* RuntimeAppSettingsApp.cpp */,
			);
			name = Source;
			sourceTree = "<group>";
		};
		1058C7A0FEA54F0111CA2CBB /* Linked Frameworks */ = {
			isa = PBXGroup;
			children = (
				006D720219952D00008149E2 /* AVFoundation.framework */,
				006D720319952D00008149E2 /* CoreMedia.framework */,
				00B784AF0FF439BC000DE1D7 /* Accelerate.framework */,
				00B784B00FF439BC000DE1D7 /* AudioToolbox.framework */,
				00B784B10FF439BC000DE1D7 /* AudioUnit.framework */,
				00B784B20FF439BC000DE1D7 /* CoreAudio.framework */,
				5323E6B10EAFCA74003A9687 /* CoreVideo.framework */,
				0091D8F80E81B9330029341E /* OpenGL.framework */,
				1058C7A1FEA54F0111CA2CBB /* Cocoa.framework */,
				00B995581B128DF400A5C623 /* IOKit.framework */,
				00B995591B128DF400A5C623 /* IOSurface.framework */,
			);
			name = "Linked Frameworks";
			sourceTree = "<group>";
		};
		1058C7A2FEA54F0111CA2CBB /* Other Frameworks */ = {
			isa = PBXGroup;
			children = (
				29B97324FDCFA39411CA2CEA /* AppKit.framework */,
				29B97325FDCFA39411CA2CEA /* Foundation.framework */,
			);
			name = "Other Frameworks";
			sourceTree = "<group>";
		};
		19C28FACFE9D520D11CA2CBB /* Products */ = {
			isa = PBXGroup;
			children = (
				8D1107320486CEB800E47090 /* RuntimeAppSettings.app */,
			);
			name = Products;
			sourceTree = "<group>";
		};
		29B3A991CEA44027B7BA895B /* include */ = {
			isa = PBXGroup;
			children = (
				C57074B62E5847A6A762116B /* CinderImGui.h */,
				5C4F302A54174303A886C1F2 /* imgui_user.h */,
				5BEB540B534B42A8A5B6848B /* imgui_user.inl */,
			);
			name = include;
			sourceTree = "<group>";
		};
		29B97314FDCFA39411CA2CEA /* RuntimeAppSettings */ = {
			isa = PBXGroup;
			children = (
				01B97315FEAEA392516A2CEA /* Blocks */,
				29B97315FDCFA39411CA2CEA /* Headers */,
				080E96DDFE201D6D7F000001 /* Source */,
				29B97317FDCFA39411CA2CEA /* Resources */,
				29B97323FDCFA39411CA2CEA /* Frameworks */,
				19C28FACFE9D520D11CA2CBB /* Products */,
			);
			name = RuntimeAppSettings;
			sourceTree = "<group>";
		};
		29B97315FDCFA39411CA2CEA /* Headers */ = {
			isa = PBXGroup;
			children = (
				E245120EC2A246D88ED26066 /* Resources.h */,
				E1EB0CCE295C4910B02DCAC8 /* RuntimeAppSettings_Prefix.pch */,
			);
			name = Headers;
			sourceTree = "<group>";
		};
		29B97317FDCFA39411CA2CEA /* Resources */ = {
			isa = PBXGroup;
			children = (
				5234E567B1E1405EA31663EF /* CinderApp.icns */,
				24D1704884544935B954F673 /* Info.plist */,
			);
			name = Resources;
			sourceTree = "<group>";
		};
		29B97323FDCFA39411CA2CEA /* Frameworks */ = {
			isa = PBXGroup;
			children = (
				1058C7A0FEA54F0111CA2CBB /* Linked Frameworks */,
				1058C7A2FEA54F0111CA2CBB /* Other Frameworks */,
			);
			name = Frameworks;
			sourceTree = "<group>";
		};
		2DB67F8D886E4B04A2F31649 /* include */ = {
			isa = PBXGroup;
			children = (
				DED3A2535EB541AEA42E3564 /* runtime_ptr.h */,
				2E6FC180F72240A18F029BD6 /* runtime_app.h */,
			);
			name = include;
			sourceTree = "<group>";
		};
		444A109A837E4F538AD503E2 /* Simplex Noise */ = {
			isa = PBXGroup;
			children = (
				02A1C48FF5CB48D1A31C4B2B /* include */,
			);
			name = "Simplex Noise";
			sourceTree = "<group>";
		};
		5B4ACAE061BF4E96AF23B623 /* src */ = {
			isa = PBXGroup;
			children = (
				4DD3613065874897B3D268B7 /* CinderImGui.cpp */,
			);
			name = src;
			sourceTree = "<group>";
		};
		78B340B5720B4B889ECA0370 /* lib */ = {
			isa = PBXGroup;
			children = (
				DD5836F3BA17487D983E60AB /* imgui */,
			);
			name = lib;
			sourceTree = "<group>";
		};
		9D01D20883204C048DC77B2F /* ImGui */ = {
			isa = PBXGroup;
			children = (
				29B3A991CEA44027B7BA895B /* include */,
				78B340B5720B4B889ECA0370 /* lib */,
				5B4ACAE061BF4E96AF23B623 /* src */,
			);
			name = ImGui;
			sourceTree = "<group>";
		};
		DD5836F3BA17487D983E60AB /* imgui */ = {
			isa = PBXGroup;
			children = (
				722A71E32E0E469EBA1CB5F1 /* imconfig.h */,
				DF13DEA95D1E49B5B89D02AB /* imgui.h */,
				30AA1CC85BD149F889079BCD /* imgui_internal.h */,
				F8F9EA99D7DD499A909B357E /* imgui.cpp */,
				A5726D446BDC4453846CE836 /* imgui_draw.cpp */,
				BAF9D102E3D247BCA9396BC8 /* imgui_demo.cpp */,
			);
			name = imgui;
			sourceTree = "<group>";
		};
		EFE245961FEA4F60BA9CCBC0 /* Watchdog */ = {
			isa = PBXGroup;
			children = (
				F977774D371E4FC49B426090 /* include */,
			);
			name = Watchdog;
			sourceTree = "<group>";
		};
		F33F045B91054FFF8D03E78C /* Cinder-Runtime */ = {
			isa = PBXGroup;
			children = (
				2DB67F8D886E4B04A2F31649 /* include */,
			);
			name = "Cinder-Runtime";
			sourceTree = "<group>";
		};
		F977774D371E4FC49B426090 /* include */ = {
			isa = PBXGroup;
			children = (
				0B5108A55943478BB6D5DF56 /* Watchdog.h */,
			);
			name = include;
			sourceTree = "<group>";
		};
/* End PBXGroup section */

/* Begin PBXNativeTarget section */
		8D1107260486CEB800E47090 /* RuntimeAppSettings */ = {
			isa = PBXNativeTarget;
			buildConfigurationList = C01FCF4A08A954540054247B /* Build configuration list for PBXNativeTarget "RuntimeAppSettings" */;
			buildPhases = (
				8D1107290486CEB800E47090 /* Resources */,
				8D11072C0486CEB800E47090 /* Sources */,
				8D11072E0486CEB800E47090 /* Frameworks */,
			);
			buildRules = (
			);
			dependencies = (
			);
			name = RuntimeAppSettings;
			productInstallPath = "$(HOME)/Applications";
			productName = RuntimeAppSettings;
			productReference = 8D1107320486CEB800E47090 /* RuntimeAppSettings.app */;
			productType = "com.apple.product-type.application";
		};
/* End PBXNativeTarget section */

/* Begin PBXProject section */
		29B97313FDCFA39411CA2CEA /* Project object */ = {
			isa = PBXProject;
			attributes = {
			};
			buildConfigurationList = C01FCF4E08A954540054247B /* Build configuration list for PBXProject "RuntimeAppSettings" */;
			compatibilityVersion = "Xcode 3.2";
			developmentRegion = English;
			hasScannedForEncodings = 1;
			knownRegions = (
				English,
				Japanese,
				French,
				German,
			);
			mainGroup = 29B97314FDCFA39411CA2CEA /* RuntimeAppSettings */;
			projectDirPath = "";
			projectRoot = "";
			targets = (
				8D1107260486CEB800E47090 /* RuntimeAppSettings */,
			);
		};
/* End PBXProject section */

/* Begin PBXResourcesBuildPhase section */
		8D1107290486CEB800E47090 /* Resources */ = {
			isa = PBXResourcesBuildPhase;
			buildActionMask = 2147483647;
			files = (
				F4C07DE8ADDD4BFFAC04EE7C /* CinderApp.icns in Resources */,
			);
			runOnlyForDeploymentPostprocessing = 0;
		};
/* End PBXResourcesBuildPhase section */

/* Begin PBXSourcesBuildPhase section */
		8D11072C0486CEB800E47090 /* Sources */ = {
			isa = PBXSourcesBuildPhase;
			buildActionMask = 2147483647;
			files = (
				BAD1B053B54F4C16B9439530 /* RuntimeAppSettingsApp.cpp in Sources */,
				E6C20E9F21F844748B6D803A /* CinderImGui.cpp in Sources */,
				2CE2BAD6245747DBA5D512B2 /* imgui.cpp in Sources */,
				788C856D6974443890D72AD3 /* imgui_draw.cpp in Sources */,
				2F2791509EFE474F8F59E9B0 /* imgui_demo.cpp in Sources */,
			);
			runOnlyForDeploymentPostprocessing = 0;
		};
/* End PBXSourcesBuildPhase section */

/* Begin XCBuildConfiguration section */
		C01FCF4B08A954540054247B /* Debug */ = {
			isa = XCBuildConfiguration;
			buildSettings = {
				COMBINE_HIDPI_IMAGES = YES;
				COPY_PHASE_STRIP = NO;
				DEAD_CODE_STRIPPING = YES;
				GCC_DYNAMIC_NO_PIC = NO;
				GCC_INLINES_ARE_PRIVATE_EXTERN = YES;
				GCC_OPTIMIZATION_LEVEL = 0;
				GCC_PRECOMPILE_PREFIX_HEADER = YES;
				GCC_PREFIX_HEADER = RuntimeAppSettings_Prefix.pch;
				GCC_PREPROCESSOR_DEFINITIONS = (
					"DEBUG=1",
					"$(inherited)",
				);
				GCC_SYMBOLS_PRIVATE_EXTERN = NO;
				INFOPLIST_FILE = Info.plist;
				INSTALL_PATH = "$(HOME)/Applications";
				OTHER_LDFLAGS = (
					../../../lib/lib/libCling.a,
					"\"-lncurses\"",
					../../../../../lib/libcinder_d.dylib,
				);
				PRODUCT_BUNDLE_IDENTIFIER = "org.libcinder.${PRODUCT_NAME:rfc1034identifier}";
				PRODUCT_NAME = RuntimeAppSettings;
				SYMROOT = ./build;
				WRAPPER_EXTENSION = app;
			};
			name = Debug;
		};
		C01FCF4C08A954540054247B /* Release */ = {
			isa = XCBuildConfiguration;
			buildSettings = {
				COMBINE_HIDPI_IMAGES = YES;
				DEAD_CODE_STRIPPING = YES;
				DEBUG_INFORMATION_FORMAT = "dwarf-with-dsym";
				GCC_FAST_MATH = YES;
				GCC_GENERATE_DEBUGGING_SYMBOLS = NO;
				GCC_INLINES_ARE_PRIVATE_EXTERN = YES;
				GCC_OPTIMIZATION_LEVEL = 3;
				GCC_PRECOMPILE_PREFIX_HEADER = YES;
				GCC_PREFIX_HEADER = RuntimeAppSettings_Prefix.pch;
				GCC_PREPROCESSOR_DEFINITIONS = (
					"NDEBUG=1",
					"$(inherited)",
				);
				GCC_SYMBOLS_PRIVATE_EXTERN = NO;
				INFOPLIST_FILE = Info.plist;
				INSTALL_PATH = "$(HOME)/Applications";
				OTHER_LDFLAGS = (
					../../../lib/lib/libCling.a,
					"\"-lncurses\"",
					../../../../../lib/libcinder.dylib,
				);
				PRODUCT_BUNDLE_IDENTIFIER = "org.libcinder.${PRODUCT_NAME:rfc1034identifier}";
				PRODUCT_NAME = RuntimeAppSettings;
				STRIP_INSTALLED_PRODUCT = YES;
				SYMROOT = ./build;
				WRAPPER_EXTENSION = app;
			};
			name = Release;
		};
		C01FCF4F08A954540054247B /* Debug */ = {
			isa = XCBuildConfiguration;
			buildSettings = {
				ALWAYS_SEARCH_USER_PATHS = NO;
				CINDER_PATH = ../../../../..;
				CLANG_CXX_LANGUAGE_STANDARD = "c++11";
				CLANG_CXX_LIBRARY = "libc++";
				ENABLE_TESTABILITY = YES;
				GCC_WARN_ABOUT_RETURN_TYPE = YES;
				GCC_WARN_UNUSED_VARIABLE = YES;
				HEADER_SEARCH_PATHS = "\"$(CINDER_PATH)/include\"";
				MACOSX_DEPLOYMENT_TARGET = 10.8;
				ONLY_ACTIVE_ARCH = YES;
				SDKROOT = macosx;
				USER_HEADER_SEARCH_PATHS = "\"$(CINDER_PATH)/include\" ../include ../blocks/ImGui/lib/imgui ../blocks/ImGui/include ../../../include ../../../lib/include \"../blocks/Simplex Noise/include\" ../../../../Watchdog/include";
			};
			name = Debug;
		};
		C01FCF5008A954540054247B /* Release */ = {
			isa = XCBuildConfiguration;
			buildSettings = {
				ALWAYS_SEARCH_USER_PATHS = NO;
				CINDER_PATH = ../../../../..;
				CLANG_CXX_LANGUAGE_STANDARD = "c++11";
				CLANG_CXX_LIBRARY = "libc++";
				GCC_WARN_ABOUT_RETURN_TYPE = YES;
				GCC_WARN_UNUSED_VARIABLE = YES;
				HEADER_SEARCH_PATHS = "\"$(CINDER_PATH)/include\"";
				MACOSX_DEPLOYMENT_TARGET = 10.8;
				SDKROOT = macosx;
				USER_HEADER_SEARCH_PATHS = "\"$(CINDER_PATH)/include\" ../include ../blocks/ImGui/lib/imgui ../blocks/ImGui/include ../../../include ../../../lib/include \"../blocks/Simplex Noise/include\" ../../../../Watchdog/include";
			};
			name = Release;
		};
/* End XCBuildConfiguration section */

/* Begin XCConfigurationList section */
		C01FCF4A08A954540054247B /* Build configuration list for PBXNativeTarget "RuntimeAppSettings" */ = {
			isa = XCConfigurationList;
			buildConfigurations = (
				C01FCF4B08A954540054247B /* Debug */,
				C01FCF4C08A954540054247B /* Release */,
			);
			defaultConfigurationIsVisible = 0;
			defaultConfigurationName = Release;
		};
		C01FCF4E08A954540054247B /* Build configuration list for PBXProject "RuntimeAppSettings" */ = {
			isa = XCConfigurationList;
			buildConfigurations = (
				C01FCF4F08A954540054247B /* Debug */,
				C01FCF5008A954540054247B /* Release */,
			);
			defaultConfigurationIsVisible = 0;
			defaultConfigurationName = Release;
		};
/* End XCConfigurationList section */
	};
	rootObject = 29B97313FDCFA39411CA2CEA /* Project object */;
}
