
Microsoft Visual Studio Solution File, Format Version 12.00
# Visual Studio 2013
Project("{8BC9CEB8-8B4A-11D0-8D11-00A0C91BC942}") = "RuntimeAppSettings", "RuntimeAppSettings.vcxproj", "{D42A8B23-4769-400A-9D83-0B6E120E52EA}"
EndProject
Global
	GlobalSection(SolutionConfigurationPlatforms) = preSolution
		Debug|Win32 = Debug|Win32
		Release|Win32 = Release|Win32
	EndGlobalSection
	GlobalSection(ProjectConfigurationPlatforms) = postSolution
		{D42A8B23-4769-400A-9D83-0B6E120E52EA}.Debug|Win32.ActiveCfg = Debug|Win32
		{D42A8B23-4769-400A-9D83-0B6E120E52EA}.Debug|Win32.Build.0 = Debug|Win32
		{D42A8B23-4769-400A-9D83-0B6E120E52EA}.Release|Win32.ActiveCfg = Release|Win32
		{D42A8B23-4769-400A-9D83-0B6E120E52EA}.Release|Win32.Build.0 = Release|Win32
	EndGlobalSection
	GlobalSection(SolutionProperties) = preSolution
		HideSolutionNode = FALSE
	EndGlobalSection
EndGlobal
